
Microsoft Visual Studio Solution File, Format Version 12.00
# Visual Studio Version 17
VisualStudioVersion = 17.14.36301.6 d17.14
MinimumVisualStudioVersion = 10.0.40219.1
Project("{FAE04EC0-301F-11D3-BF4B-00C04F79EFBC}") = "CitiesManager.WebAPI", "CitiesManager.WebAPI\CitiesManager.WebAPI.csproj", "{0ED66CAC-F1B0-498A-A8EC-1760EC40CED5}"
EndProject
Project("{FAE04EC0-301F-11D3-BF4B-00C04F79EFBC}") = "CitiesManager.Core", "CitiesManager.Core\CitiesManager.Core.csproj", "{0C7981AC-1D29-4DDB-87FE-7C4F88323D9B}"
EndProject
Project("{FAE04EC0-301F-11D3-BF4B-00C04F79EFBC}") = "CitiesManager.Infrastructure", "CitiesManager.Infrastructure\CitiesManager.Infrastructure.csproj", "{6636E7DE-30F7-4BA5-8639-F8066745ED2F}"
EndProject
Global
	GlobalSection(SolutionConfigurationPlatforms) = preSolution
		Debug|Any CPU = Debug|Any CPU
		Release|Any CPU = Release|Any CPU
	EndGlobalSection
	GlobalSection(ProjectConfigurationPlatforms) = postSolution
		{0ED66CAC-F1B0-498A-A8EC-1760EC40CED5}.Debug|Any CPU.ActiveCfg = Debug|Any CPU
		{0ED66CAC-F1B0-498A-A8EC-1760EC40CED5}.Debug|Any CPU.Build.0 = Debug|Any CPU
		{0ED66CAC-F1B0-498A-A8EC-1760EC40CED5}.Release|Any CPU.ActiveCfg = Release|Any CPU
		{0ED66CAC-F1B0-498A-A8EC-1760EC40CED5}.Release|Any CPU.Build.0 = Release|Any CPU
		{0C7981AC-1D29-4DDB-87FE-7C4F88323D9B}.Debug|Any CPU.ActiveCfg = Debug|Any CPU
		{0C7981AC-1D29-4DDB-87FE-7C4F88323D9B}.Debug|Any CPU.Build.0 = Debug|Any CPU
		{0C7981AC-1D29-4DDB-87FE-7C4F88323D9B}.Release|Any CPU.ActiveCfg = Release|Any CPU
		{0C7981AC-1D29-4DDB-87FE-7C4F88323D9B}.Release|Any CPU.Build.0 = Release|Any CPU
		{6636E7DE-30F7-4BA5-8639-F8066745ED2F}.Debug|Any CPU.ActiveCfg = Debug|Any CPU
		{6636E7DE-30F7-4BA5-8639-F8066745ED2F}.Debug|Any CPU.Build.0 = Debug|Any CPU
		{6636E7DE-30F7-4BA5-8639-F8066745ED2F}.Release|Any CPU.ActiveCfg = Release|Any CPU
		{6636E7DE-30F7-4BA5-8639-F8066745ED2F}.Release|Any CPU.Build.0 = Release|Any CPU
	EndGlobalSection
	GlobalSection(SolutionProperties) = preSolution
		HideSolutionNode = FALSE
	EndGlobalSection
	GlobalSection(ExtensibilityGlobals) = postSolution
		SolutionGuid = {3016F8F4-C7B8-47B7-8C8D-4DB78FE7F5DE}
	EndGlobalSection
EndGlobal
